// !$*UTF8*$!
{
	archiveVersion = 1;
	classes = {
	};
	objectVersion = 56;
	objects = {

/* Begin PBXBuildFile section */
		9540B8A52C65CB320055B49F /* GazeboApp.swift in Sources */ = {isa = PBXBuildFile; fileRef = 9540B8A42C65CB320055B49F /* GazeboApp.swift */; };
		9540B8A72C65CB320055B49F /* TuneView.swift in Sources */ = {isa = PBXBuildFile; fileRef = 9540B8A62C65CB320055B49F /* TuneView.swift */; };
		9540B8A92C65CB340055B49F /* Assets.xcassets in Resources */ = {isa = PBXBuildFile; fileRef = 9540B8A82C65CB340055B49F /* Assets.xcassets */; };
		9540B8AC2C65CB340055B49F /* Preview Assets.xcassets in Resources */ = {isa = PBXBuildFile; fileRef = 9540B8AB2C65CB340055B49F /* Preview Assets.xcassets */; };
		9540B8C72C66F18C0055B49F /* GazeboTune.swift in Sources */ = {isa = PBXBuildFile; fileRef = 9540B8C62C66F18C0055B49F /* GazeboTune.swift */; };
		9540B8C92C66F42F0055B49F /* LoginView.swift in Sources */ = {isa = PBXBuildFile; fileRef = 9540B8C82C66F42F0055B49F /* LoginView.swift */; };
		9540B8CC2C66F4560055B49F /* AccountRegistrationView.swift in Sources */ = {isa = PBXBuildFile; fileRef = 9540B8CB2C66F4560055B49F /* AccountRegistrationView.swift */; };
		9540B8CE2C66F5220055B49F /* AccountRegistrationForm.swift in Sources */ = {isa = PBXBuildFile; fileRef = 9540B8CD2C66F5220055B49F /* AccountRegistrationForm.swift */; };
		9540B8D02C671EC60055B49F /* AccountRegistrationStore.swift in Sources */ = {isa = PBXBuildFile; fileRef = 9540B8CF2C671EC60055B49F /* AccountRegistrationStore.swift */; };
		95FC1A6D2C6733550032D43D /* GazeboAPIError.swift in Sources */ = {isa = PBXBuildFile; fileRef = 95FC1A6C2C6733550032D43D /* GazeboAPIError.swift */; };
		95FC1A702C6949280032D43D /* GazeboAPIAgent.swift in Sources */ = {isa = PBXBuildFile; fileRef = 95FC1A6F2C6949280032D43D /* GazeboAPIAgent.swift */; };
		95FC1A732C694CB40032D43D /* TuneStore.swift in Sources */ = {isa = PBXBuildFile; fileRef = 95FC1A722C694CB40032D43D /* TuneStore.swift */; };
		95FC1A752C694D9B0032D43D /* GazeboTuneList.swift in Sources */ = {isa = PBXBuildFile; fileRef = 95FC1A742C694D9B0032D43D /* GazeboTuneList.swift */; };
		95FC1A782C694F490032D43D /* GazeboBand.swift in Sources */ = {isa = PBXBuildFile; fileRef = 95FC1A772C694F490032D43D /* GazeboBand.swift */; };
		95FC1A7A2C694FD80032D43D /* TuneListView.swift in Sources */ = {isa = PBXBuildFile; fileRef = 95FC1A792C694FD80032D43D /* TuneListView.swift */; };
/* End PBXBuildFile section */

/* Begin PBXFileReference section */
		9540B8A12C65CB320055B49F /* Gazebo.app */ = {isa = PBXFileReference; explicitFileType = wrapper.application; includeInIndex = 0; path = Gazebo.app; sourceTree = BUILT_PRODUCTS_DIR; };
		9540B8A42C65CB320055B49F /* GazeboApp.swift */ = {isa = PBXFileReference; lastKnownFileType = sourcecode.swift; path = GazeboApp.swift; sourceTree = "<group>"; };
		9540B8A62C65CB320055B49F /* TuneView.swift */ = {isa = PBXFileReference; lastKnownFileType = sourcecode.swift; path = TuneView.swift; sourceTree = "<group>"; };
		9540B8A82C65CB340055B49F /* Assets.xcassets */ = {isa = PBXFileReference; lastKnownFileType = folder.assetcatalog; path = Assets.xcassets; sourceTree = "<group>"; };
		9540B8AB2C65CB340055B49F /* Preview Assets.xcassets */ = {isa = PBXFileReference; lastKnownFileType = folder.assetcatalog; path = "Preview Assets.xcassets"; sourceTree = "<group>"; };
		9540B8C62C66F18C0055B49F /* GazeboTune.swift */ = {isa = PBXFileReference; lastKnownFileType = sourcecode.swift; path = GazeboTune.swift; sourceTree = "<group>"; };
		9540B8C82C66F42F0055B49F /* LoginView.swift */ = {isa = PBXFileReference; lastKnownFileType = sourcecode.swift; path = LoginView.swift; sourceTree = "<group>"; };
		9540B8CB2C66F4560055B49F /* AccountRegistrationView.swift */ = {isa = PBXFileReference; lastKnownFileType = sourcecode.swift; path = AccountRegistrationView.swift; sourceTree = "<group>"; };
		9540B8CD2C66F5220055B49F /* AccountRegistrationForm.swift */ = {isa = PBXFileReference; lastKnownFileType = sourcecode.swift; path = AccountRegistrationForm.swift; sourceTree = "<group>"; };
		9540B8CF2C671EC60055B49F /* AccountRegistrationStore.swift */ = {isa = PBXFileReference; lastKnownFileType = sourcecode.swift; path = AccountRegistrationStore.swift; sourceTree = "<group>"; };
		95FC1A6C2C6733550032D43D /* GazeboAPIError.swift */ = {isa = PBXFileReference; lastKnownFileType = sourcecode.swift; path = GazeboAPIError.swift; sourceTree = "<group>"; };
		95FC1A6F2C6949280032D43D /* GazeboAPIAgent.swift */ = {isa = PBXFileReference; lastKnownFileType = sourcecode.swift; path = GazeboAPIAgent.swift; sourceTree = "<group>"; };
		95FC1A722C694CB40032D43D /* TuneStore.swift */ = {isa = PBXFileReference; lastKnownFileType = sourcecode.swift; path = TuneStore.swift; sourceTree = "<group>"; };
		95FC1A742C694D9B0032D43D /* GazeboTuneList.swift */ = {isa = PBXFileReference; lastKnownFileType = sourcecode.swift; path = GazeboTuneList.swift; sourceTree = "<group>"; };
		95FC1A772C694F490032D43D /* GazeboBand.swift */ = {isa = PBXFileReference; lastKnownFileType = sourcecode.swift; path = GazeboBand.swift; sourceTree = "<group>"; };
		95FC1A792C694FD80032D43D /* TuneListView.swift */ = {isa = PBXFileReference; lastKnownFileType = sourcecode.swift; path = TuneListView.swift; sourceTree = "<group>"; };
/* End PBXFileReference section */

/* Begin PBXFrameworksBuildPhase section */
		9540B89E2C65CB320055B49F /* Frameworks */ = {
			isa = PBXFrameworksBuildPhase;
			buildActionMask = 2147483647;
			files = (
			);
			runOnlyForDeploymentPostprocessing = 0;
		};
/* End PBXFrameworksBuildPhase section */

/* Begin PBXGroup section */
		9540B8982C65CB320055B49F = {
			isa = PBXGroup;
			children = (
				9540B8A32C65CB320055B49F /* Gazebo */,
				9540B8A22C65CB320055B49F /* Products */,
			);
			sourceTree = "<group>";
		};
		9540B8A22C65CB320055B49F /* Products */ = {
			isa = PBXGroup;
			children = (
				9540B8A12C65CB320055B49F /* Gazebo.app */,
			);
			name = Products;
			sourceTree = "<group>";
		};
		9540B8A32C65CB320055B49F /* Gazebo */ = {
			isa = PBXGroup;
			children = (
				95FC1A7B2C6953FE0032D43D /* Landing */,
				95FC1A762C694F1B0032D43D /* Bands */,
				9540B8C42C66F16B0055B49F /* API */,
				95FC1A712C694AF00032D43D /* Login */,
				9540B8D12C67307B0055B49F /* Registration */,
				95FC1A6E2C6948CF0032D43D /* Tunes */,
				9540B8A42C65CB320055B49F /* GazeboApp.swift */,
				9540B8A82C65CB340055B49F /* Assets.xcassets */,
				9540B8AA2C65CB340055B49F /* Preview Content */,
			);
			path = Gazebo;
			sourceTree = "<group>";
		};
		9540B8AA2C65CB340055B49F /* Preview Content */ = {
			isa = PBXGroup;
			children = (
				9540B8AB2C65CB340055B49F /* Preview Assets.xcassets */,
			);
			path = "Preview Content";
			sourceTree = "<group>";
		};
		9540B8C42C66F16B0055B49F /* API */ = {
			isa = PBXGroup;
			children = (
				95FC1A6C2C6733550032D43D /* GazeboAPIError.swift */,
				95FC1A6F2C6949280032D43D /* GazeboAPIAgent.swift */,
			);
			path = API;
			sourceTree = "<group>";
		};
		9540B8D12C67307B0055B49F /* Registration */ = {
			isa = PBXGroup;
			children = (
				9540B8CD2C66F5220055B49F /* AccountRegistrationForm.swift */,
				9540B8CF2C671EC60055B49F /* AccountRegistrationStore.swift */,
				9540B8CB2C66F4560055B49F /* AccountRegistrationView.swift */,
			);
			path = Registration;
			sourceTree = "<group>";
		};
		95FC1A6E2C6948CF0032D43D /* Tunes */ = {
			isa = PBXGroup;
			children = (
				9540B8C62C66F18C0055B49F /* GazeboTune.swift */,
				95FC1A742C694D9B0032D43D /* GazeboTuneList.swift */,
				95FC1A722C694CB40032D43D /* TuneStore.swift */,
				9540B8A62C65CB320055B49F /* TuneView.swift */,
				95FC1A792C694FD80032D43D /* TuneListView.swift */,
			);
			path = Tunes;
			sourceTree = "<group>";
		};
		95FC1A712C694AF00032D43D /* Login */ = {
			isa = PBXGroup;
			children = (
				9540B8C82C66F42F0055B49F /* LoginView.swift */,
			);
			path = Login;
			sourceTree = "<group>";
		};
		95FC1A762C694F1B0032D43D /* Bands */ = {
			isa = PBXGroup;
			children = (
				95FC1A772C694F490032D43D /* GazeboBand.swift */,
			);
			path = Bands;
			sourceTree = "<group>";
		};
		95FC1A7B2C6953FE0032D43D /* Landing */ = {
			isa = PBXGroup;
			children = (
			);
			path = Landing;
			sourceTree = "<group>";
		};
/* End PBXGroup section */

/* Begin PBXNativeTarget section */
		9540B8A02C65CB320055B49F /* Gazebo */ = {
			isa = PBXNativeTarget;
			buildConfigurationList = 9540B8AF2C65CB340055B49F /* Build configuration list for PBXNativeTarget "Gazebo" */;
			buildPhases = (
				9540B89D2C65CB320055B49F /* Sources */,
				9540B89E2C65CB320055B49F /* Frameworks */,
				9540B89F2C65CB320055B49F /* Resources */,
			);
			buildRules = (
			);
			dependencies = (
			);
			name = Gazebo;
			productName = Gazebo;
			productReference = 9540B8A12C65CB320055B49F /* Gazebo.app */;
			productType = "com.apple.product-type.application";
		};
/* End PBXNativeTarget section */

/* Begin PBXProject section */
		9540B8992C65CB320055B49F /* Project object */ = {
			isa = PBXProject;
			attributes = {
				BuildIndependentTargetsInParallel = 1;
				LastSwiftUpdateCheck = 1540;
				LastUpgradeCheck = 1540;
				TargetAttributes = {
					9540B8A02C65CB320055B49F = {
						CreatedOnToolsVersion = 15.4;
					};
				};
			};
			buildConfigurationList = 9540B89C2C65CB320055B49F /* Build configuration list for PBXProject "Gazebo" */;
			compatibilityVersion = "Xcode 14.0";
			developmentRegion = en;
			hasScannedForEncodings = 0;
			knownRegions = (
				en,
				Base,
			);
			mainGroup = 9540B8982C65CB320055B49F;
			productRefGroup = 9540B8A22C65CB320055B49F /* Products */;
			projectDirPath = "";
			projectRoot = "";
			targets = (
				9540B8A02C65CB320055B49F /* Gazebo */,
			);
		};
/* End PBXProject section */

/* Begin PBXResourcesBuildPhase section */
		9540B89F2C65CB320055B49F /* Resources */ = {
			isa = PBXResourcesBuildPhase;
			buildActionMask = 2147483647;
			files = (
				9540B8AC2C65CB340055B49F /* Preview Assets.xcassets in Resources */,
				9540B8A92C65CB340055B49F /* Assets.xcassets in Resources */,
			);
			runOnlyForDeploymentPostprocessing = 0;
		};
/* End PBXResourcesBuildPhase section */

/* Begin PBXSourcesBuildPhase section */
		9540B89D2C65CB320055B49F /* Sources */ = {
			isa = PBXSourcesBuildPhase;
			buildActionMask = 2147483647;
			files = (
				9540B8A72C65CB320055B49F /* TuneView.swift in Sources */,
				9540B8D02C671EC60055B49F /* AccountRegistrationStore.swift in Sources */,
				9540B8CC2C66F4560055B49F /* AccountRegistrationView.swift in Sources */,
				95FC1A7A2C694FD80032D43D /* TuneListView.swift in Sources */,
				95FC1A6D2C6733550032D43D /* GazeboAPIError.swift in Sources */,
				9540B8A52C65CB320055B49F /* GazeboApp.swift in Sources */,
				95FC1A702C6949280032D43D /* GazeboAPIAgent.swift in Sources */,
				95FC1A752C694D9B0032D43D /* GazeboTuneList.swift in Sources */,
				9540B8C92C66F42F0055B49F /* LoginView.swift in Sources */,
				95FC1A782C694F490032D43D /* GazeboBand.swift in Sources */,
				9540B8CE2C66F5220055B49F /* AccountRegistrationForm.swift in Sources */,
				9540B8C72C66F18C0055B49F /* GazeboTune.swift in Sources */,
				95FC1A732C694CB40032D43D /* TuneStore.swift in Sources */,
			);
			runOnlyForDeploymentPostprocessing = 0;
		};
/* End PBXSourcesBuildPhase section */

/* Begin XCBuildConfiguration section */
		9540B8AD2C65CB340055B49F /* Debug */ = {
			isa = XCBuildConfiguration;
			buildSettings = {
				ALWAYS_SEARCH_USER_PATHS = NO;
				ASSETCATALOG_COMPILER_GENERATE_SWIFT_ASSET_SYMBOL_EXTENSIONS = YES;
				CLANG_ANALYZER_NONNULL = YES;
				CLANG_ANALYZER_NUMBER_OBJECT_CONVERSION = YES_AGGRESSIVE;
				CLANG_CXX_LANGUAGE_STANDARD = "gnu++20";
				CLANG_ENABLE_MODULES = YES;
				CLANG_ENABLE_OBJC_ARC = YES;
				CLANG_ENABLE_OBJC_WEAK = YES;
				CLANG_WARN_BLOCK_CAPTURE_AUTORELEASING = YES;
				CLANG_WARN_BOOL_CONVERSION = YES;
				CLANG_WARN_COMMA = YES;
				CLANG_WARN_CONSTANT_CONVERSION = YES;
				CLANG_WARN_DEPRECATED_OBJC_IMPLEMENTATIONS = YES;
				CLANG_WARN_DIRECT_OBJC_ISA_USAGE = YES_ERROR;
				CLANG_WARN_DOCUMENTATION_COMMENTS = YES;
				CLANG_WARN_EMPTY_BODY = YES;
				CLANG_WARN_ENUM_CONVERSION = YES;
				CLANG_WARN_INFINITE_RECURSION = YES;
				CLANG_WARN_INT_CONVERSION = YES;
				CLANG_WARN_NON_LITERAL_NULL_CONVERSION = YES;
				CLANG_WARN_OBJC_IMPLICIT_RETAIN_SELF = YES;
				CLANG_WARN_OBJC_LITERAL_CONVERSION = YES;
				CLANG_WARN_OBJC_ROOT_CLASS = YES_ERROR;
				CLANG_WARN_QUOTED_INCLUDE_IN_FRAMEWORK_HEADER = YES;
				CLANG_WARN_RANGE_LOOP_ANALYSIS = YES;
				CLANG_WARN_STRICT_PROTOTYPES = YES;
				CLANG_WARN_SUSPICIOUS_MOVE = YES;
				CLANG_WARN_UNGUARDED_AVAILABILITY = YES_AGGRESSIVE;
				CLANG_WARN_UNREACHABLE_CODE = YES;
				CLANG_WARN__DUPLICATE_METHOD_MATCH = YES;
				COPY_PHASE_STRIP = NO;
				DEBUG_INFORMATION_FORMAT = dwarf;
				ENABLE_STRICT_OBJC_MSGSEND = YES;
				ENABLE_TESTABILITY = YES;
				ENABLE_USER_SCRIPT_SANDBOXING = YES;
				GCC_C_LANGUAGE_STANDARD = gnu17;
				GCC_DYNAMIC_NO_PIC = NO;
				GCC_NO_COMMON_BLOCKS = YES;
				GCC_OPTIMIZATION_LEVEL = 0;
				GCC_PREPROCESSOR_DEFINITIONS = (
					"DEBUG=1",
					"$(inherited)",
				);
				GCC_WARN_64_TO_32_BIT_CONVERSION = YES;
				GCC_WARN_ABOUT_RETURN_TYPE = YES_ERROR;
				GCC_WARN_UNDECLARED_SELECTOR = YES;
				GCC_WARN_UNINITIALIZED_AUTOS = YES_AGGRESSIVE;
				GCC_WARN_UNUSED_FUNCTION = YES;
				GCC_WARN_UNUSED_VARIABLE = YES;
				IPHONEOS_DEPLOYMENT_TARGET = 17.5;
				LOCALIZATION_PREFERS_STRING_CATALOGS = YES;
				MTL_ENABLE_DEBUG_INFO = INCLUDE_SOURCE;
				MTL_FAST_MATH = YES;
				ONLY_ACTIVE_ARCH = YES;
				SDKROOT = iphoneos;
				SWIFT_ACTIVE_COMPILATION_CONDITIONS = "DEBUG $(inherited)";
				SWIFT_OPTIMIZATION_LEVEL = "-Onone";
			};
			name = Debug;
		};
		9540B8AE2C65CB340055B49F /* Release */ = {
			isa = XCBuildConfiguration;
			buildSettings = {
				ALWAYS_SEARCH_USER_PATHS = NO;
				ASSETCATALOG_COMPILER_GENERATE_SWIFT_ASSET_SYMBOL_EXTENSIONS = YES;
				CLANG_ANALYZER_NONNULL = YES;
				CLANG_ANALYZER_NUMBER_OBJECT_CONVERSION = YES_AGGRESSIVE;
				CLANG_CXX_LANGUAGE_STANDARD = "gnu++20";
				CLANG_ENABLE_MODULES = YES;
				CLANG_ENABLE_OBJC_ARC = YES;
				CLANG_ENABLE_OBJC_WEAK = YES;
				CLANG_WARN_BLOCK_CAPTURE_AUTORELEASING = YES;
				CLANG_WARN_BOOL_CONVERSION = YES;
				CLANG_WARN_COMMA = YES;
				CLANG_WARN_CONSTANT_CONVERSION = YES;
				CLANG_WARN_DEPRECATED_OBJC_IMPLEMENTATIONS = YES;
				CLANG_WARN_DIRECT_OBJC_ISA_USAGE = YES_ERROR;
				CLANG_WARN_DOCUMENTATION_COMMENTS = YES;
				CLANG_WARN_EMPTY_BODY = YES;
				CLANG_WARN_ENUM_CONVERSION = YES;
				CLANG_WARN_INFINITE_RECURSION = YES;
				CLANG_WARN_INT_CONVERSION = YES;
				CLANG_WARN_NON_LITERAL_NULL_CONVERSION = YES;
				CLANG_WARN_OBJC_IMPLICIT_RETAIN_SELF = YES;
				CLANG_WARN_OBJC_LITERAL_CONVERSION = YES;
				CLANG_WARN_OBJC_ROOT_CLASS = YES_ERROR;
				CLANG_WARN_QUOTED_INCLUDE_IN_FRAMEWORK_HEADER = YES;
				CLANG_WARN_RANGE_LOOP_ANALYSIS = YES;
				CLANG_WARN_STRICT_PROTOTYPES = YES;
				CLANG_WARN_SUSPICIOUS_MOVE = YES;
				CLANG_WARN_UNGUARDED_AVAILABILITY = YES_AGGRESSIVE;
				CLANG_WARN_UNREACHABLE_CODE = YES;
				CLANG_WARN__DUPLICATE_METHOD_MATCH = YES;
				COPY_PHASE_STRIP = NO;
				DEBUG_INFORMATION_FORMAT = "dwarf-with-dsym";
				ENABLE_NS_ASSERTIONS = NO;
				ENABLE_STRICT_OBJC_MSGSEND = YES;
				ENABLE_USER_SCRIPT_SANDBOXING = YES;
				GCC_C_LANGUAGE_STANDARD = gnu17;
				GCC_NO_COMMON_BLOCKS = YES;
				GCC_WARN_64_TO_32_BIT_CONVERSION = YES;
				GCC_WARN_ABOUT_RETURN_TYPE = YES_ERROR;
				GCC_WARN_UNDECLARED_SELECTOR = YES;
				GCC_WARN_UNINITIALIZED_AUTOS = YES_AGGRESSIVE;
				GCC_WARN_UNUSED_FUNCTION = YES;
				GCC_WARN_UNUSED_VARIABLE = YES;
				IPHONEOS_DEPLOYMENT_TARGET = 17.5;
				LOCALIZATION_PREFERS_STRING_CATALOGS = YES;
				MTL_ENABLE_DEBUG_INFO = NO;
				MTL_FAST_MATH = YES;
				SDKROOT = iphoneos;
				SWIFT_COMPILATION_MODE = wholemodule;
				VALIDATE_PRODUCT = YES;
			};
			name = Release;
		};
		9540B8B02C65CB340055B49F /* Debug */ = {
			isa = XCBuildConfiguration;
			buildSettings = {
				ASSETCATALOG_COMPILER_APPICON_NAME = AppIcon;
				ASSETCATALOG_COMPILER_GLOBAL_ACCENT_COLOR_NAME = AccentColor;
				CODE_SIGN_STYLE = Automatic;
				CURRENT_PROJECT_VERSION = 1;
				DEVELOPMENT_ASSET_PATHS = "\"Gazebo/Preview Content\"";
				ENABLE_PREVIEWS = YES;
				GENERATE_INFOPLIST_FILE = YES;
				INFOPLIST_KEY_UIApplicationSceneManifest_Generation = YES;
				INFOPLIST_KEY_UIApplicationSupportsIndirectInputEvents = YES;
				INFOPLIST_KEY_UILaunchScreen_Generation = YES;
				INFOPLIST_KEY_UISupportedInterfaceOrientations_iPad = "UIInterfaceOrientationPortrait UIInterfaceOrientationPortraitUpsideDown UIInterfaceOrientationLandscapeLeft UIInterfaceOrientationLandscapeRight";
				INFOPLIST_KEY_UISupportedInterfaceOrientations_iPhone = "UIInterfaceOrientationPortrait UIInterfaceOrientationLandscapeLeft UIInterfaceOrientationLandscapeRight";
				LD_RUNPATH_SEARCH_PATHS = (
					"$(inherited)",
					"@executable_path/Frameworks",
				);
				MARKETING_VERSION = 1.0;
				PRODUCT_BUNDLE_IDENTIFIER = com.njvanhaute.Gazebo;
				PRODUCT_NAME = "$(TARGET_NAME)";
				SWIFT_EMIT_LOC_STRINGS = YES;
				SWIFT_VERSION = 5.0;
				TARGETED_DEVICE_FAMILY = "1,2";
			};
			name = Debug;
		};
		9540B8B12C65CB340055B49F /* Release */ = {
			isa = XCBuildConfiguration;
			buildSettings = {
				ASSETCATALOG_COMPILER_APPICON_NAME = AppIcon;
				ASSETCATALOG_COMPILER_GLOBAL_ACCENT_COLOR_NAME = AccentColor;
				CODE_SIGN_STYLE = Automatic;
				CURRENT_PROJECT_VERSION = 1;
				DEVELOPMENT_ASSET_PATHS = "\"Gazebo/Preview Content\"";
				ENABLE_PREVIEWS = YES;
				GENERATE_INFOPLIST_FILE = YES;
				INFOPLIST_KEY_UIApplicationSceneManifest_Generation = YES;
				INFOPLIST_KEY_UIApplicationSupportsIndirectInputEvents = YES;
				INFOPLIST_KEY_UILaunchScreen_Generation = YES;
				INFOPLIST_KEY_UISupportedInterfaceOrientations_iPad = "UIInterfaceOrientationPortrait UIInterfaceOrientationPortraitUpsideDown UIInterfaceOrientationLandscapeLeft UIInterfaceOrientationLandscapeRight";
				INFOPLIST_KEY_UISupportedInterfaceOrientations_iPhone = "UIInterfaceOrientationPortrait UIInterfaceOrientationLandscapeLeft UIInterfaceOrientationLandscapeRight";
				LD_RUNPATH_SEARCH_PATHS = (
					"$(inherited)",
					"@executable_path/Frameworks",
				);
				MARKETING_VERSION = 1.0;
				PRODUCT_BUNDLE_IDENTIFIER = com.njvanhaute.Gazebo;
				PRODUCT_NAME = "$(TARGET_NAME)";
				SWIFT_EMIT_LOC_STRINGS = YES;
				SWIFT_VERSION = 5.0;
				TARGETED_DEVICE_FAMILY = "1,2";
			};
			name = Release;
		};
/* End XCBuildConfiguration section */

/* Begin XCConfigurationList section */
		9540B89C2C65CB320055B49F /* Build configuration list for PBXProject "Gazebo" */ = {
			isa = XCConfigurationList;
			buildConfigurations = (
				9540B8AD2C65CB340055B49F /* Debug */,
				9540B8AE2C65CB340055B49F /* Release */,
			);
			defaultConfigurationIsVisible = 0;
			defaultConfigurationName = Release;
		};
		9540B8AF2C65CB340055B49F /* Build configuration list for PBXNativeTarget "Gazebo" */ = {
			isa = XCConfigurationList;
			buildConfigurations = (
				9540B8B02C65CB340055B49F /* Debug */,
				9540B8B12C65CB340055B49F /* Release */,
			);
			defaultConfigurationIsVisible = 0;
			defaultConfigurationName = Release;
		};
/* End XCConfigurationList section */
	};
	rootObject = 9540B8992C65CB320055B49F /* Project object */;
}
